
Microsoft Visual Studio Solution File, Format Version 12.00
# Visual Studio Version 16
VisualStudioVersion = 16.0.31515.178
MinimumVisualStudioVersion = 10.0.40219.1
Project("{8BC9CEB8-8B4A-11D0-8D11-00A0C91BC942}") = "BetterWindowsWindows", "BetterWindowsWindows\BetterWindowsWindows.vcxproj", "{4C868E0F-ED32-4A99-8EDB-C7CA5DC3068E}"
EndProject
Global
	GlobalSection(SolutionConfigurationPlatforms) = preSolution
		Debug|x64 = Debug|x64
		Debug|x86 = Debug|x86
		Release|x64 = Release|x64
		Release|x86 = Release|x86
	EndGlobalSection
	GlobalSection(ProjectConfigurationPlatforms) = postSolution
		{4C868E0F-ED32-4A99-8EDB-C7CA5DC3068E}.Debug|x64.ActiveCfg = Debug|x64
		{4C868E0F-ED32-4A99-8EDB-C7CA5DC3068E}.Debug|x64.Build.0 = Debug|x64
		{4C868E0F-ED32-4A99-8EDB-C7CA5DC3068E}.Debug|x86.ActiveCfg = Debug|Win32
		{4C868E0F-ED32-4A99-8EDB-C7CA5DC3068E}.Debug|x86.Build.0 = Debug|Win32
		{4C868E0F-ED32-4A99-8EDB-C7CA5DC3068E}.Release|x64.ActiveCfg = Release|x64
		{4C868E0F-ED32-4A99-8EDB-C7CA5DC3068E}.Release|x64.Build.0 = Release|x64
		{4C868E0F-ED32-4A99-8EDB-C7CA5DC3068E}.Release|x86.ActiveCfg = Release|Win32
		{4C868E0F-ED32-4A99-8EDB-C7CA5DC3068E}.Release|x86.Build.0 = Release|Win32
	EndGlobalSection
	GlobalSection(SolutionProperties) = preSolution
		HideSolutionNode = FALSE
	EndGlobalSection
	GlobalSection(ExtensibilityGlobals) = postSolution
		SolutionGuid = {381DEADA-BB67-4D13-989C-9EA0DB5E1229}
	EndGlobalSection
EndGlobal
